// !$*UTF8*$!
{
	archiveVersion = 1;
	classes = {
	};
	objectVersion = 50;
	objects = {

/* Begin PBXBuildFile section */
		551FC81C23E9DFD100C52E07 /* AppDelegate.swift in Sources */ = {isa = PBXBuildFile; fileRef = 551FC81B23E9DFD100C52E07 /* AppDelegate.swift */; };
		551FC81E23E9DFD100C52E07 /* SceneDelegate.swift in Sources */ = {isa = PBXBuildFile; fileRef = 551FC81D23E9DFD100C52E07 /* SceneDelegate.swift */; };
		551FC82323E9DFD100C52E07 /* Main.storyboard in Resources */ = {isa = PBXBuildFile; fileRef = 551FC82123E9DFD100C52E07 /* Main.storyboard */; };
		551FC82523E9DFD500C52E07 /* Assets.xcassets in Resources */ = {isa = PBXBuildFile; fileRef = 551FC82423E9DFD500C52E07 /* Assets.xcassets */; };
		551FC82823E9DFD500C52E07 /* LaunchScreen.storyboard in Resources */ = {isa = PBXBuildFile; fileRef = 551FC82623E9DFD500C52E07 /* LaunchScreen.storyboard */; };
		551FC83823E9E64900C52E07 /* CloudKit.framework in Frameworks */ = {isa = PBXBuildFile; fileRef = 551FC83723E9E64900C52E07 /* CloudKit.framework */; };
		551FC83A23E9E6A700C52E07 /* Hype.swift in Sources */ = {isa = PBXBuildFile; fileRef = 551FC83923E9E6A700C52E07 /* Hype.swift */; };
		551FC83C23E9EE8E00C52E07 /* HypeController.swift in Sources */ = {isa = PBXBuildFile; fileRef = 551FC83B23E9EE8E00C52E07 /* HypeController.swift */; };
		551FC83F23E9EFE800C52E07 /* HypeError.swift in Sources */ = {isa = PBXBuildFile; fileRef = 551FC83E23E9EFE800C52E07 /* HypeError.swift */; };
		551FC84123E9F90D00C52E07 /* HypeListViewController.swift in Sources */ = {isa = PBXBuildFile; fileRef = 551FC84023E9F90D00C52E07 /* HypeListViewController.swift */; };
		551FC84323EA0D2900C52E07 /* DateExtension.swift in Sources */ = {isa = PBXBuildFile; fileRef = 551FC84223EA0D2900C52E07 /* DateExtension.swift */; };
/* End PBXBuildFile section */

/* Begin PBXFileReference section */
		551FC81823E9DFD100C52E07 /* HypeCK.app */ = {isa = PBXFileReference; explicitFileType = wrapper.application; includeInIndex = 0; path = HypeCK.app; sourceTree = BUILT_PRODUCTS_DIR; };
		551FC81B23E9DFD100C52E07 /* AppDelegate.swift */ = {isa = PBXFileReference; lastKnownFileType = sourcecode.swift; path = AppDelegate.swift; sourceTree = "<group>"; };
		551FC81D23E9DFD100C52E07 /* SceneDelegate.swift */ = {isa = PBXFileReference; lastKnownFileType = sourcecode.swift; path = SceneDelegate.swift; sourceTree = "<group>"; };
		551FC82223E9DFD100C52E07 /* Base */ = {isa = PBXFileReference; lastKnownFileType = file.storyboard; name = Base; path = Base.lproj/Main.storyboard; sourceTree = "<group>"; };
		551FC82423E9DFD500C52E07 /* Assets.xcassets */ = {isa = PBXFileReference; lastKnownFileType = folder.assetcatalog; path = Assets.xcassets; sourceTree = "<group>"; };
		551FC82723E9DFD500C52E07 /* Base */ = {isa = PBXFileReference; lastKnownFileType = file.storyboard; name = Base; path = Base.lproj/LaunchScreen.storyboard; sourceTree = "<group>"; };
		551FC82923E9DFD500C52E07 /* Info.plist */ = {isa = PBXFileReference; lastKnownFileType = text.plist.xml; path = Info.plist; sourceTree = "<group>"; };
		551FC83523E9E63800C52E07 /* HypeCK.entitlements */ = {isa = PBXFileReference; lastKnownFileType = text.plist.entitlements; path = HypeCK.entitlements; sourceTree = "<group>"; };
		551FC83723E9E64900C52E07 /* CloudKit.framework */ = {isa = PBXFileReference; lastKnownFileType = wrapper.framework; name = CloudKit.framework; path = System/Library/Frameworks/CloudKit.framework; sourceTree = SDKROOT; };
		551FC83923E9E6A700C52E07 /* Hype.swift */ = {isa = PBXFileReference; lastKnownFileType = sourcecode.swift; path = Hype.swift; sourceTree = "<group>"; };
		551FC83B23E9EE8E00C52E07 /* HypeController.swift */ = {isa = PBXFileReference; lastKnownFileType = sourcecode.swift; path = HypeController.swift; sourceTree = "<group>"; };
		551FC83E23E9EFE800C52E07 /* HypeError.swift */ = {isa = PBXFileReference; lastKnownFileType = sourcecode.swift; path = HypeError.swift; sourceTree = "<group>"; };
		551FC84023E9F90D00C52E07 /* HypeListViewController.swift */ = {isa = PBXFileReference; lastKnownFileType = sourcecode.swift; path = HypeListViewController.swift; sourceTree = "<group>"; };
		551FC84223EA0D2900C52E07 /* DateExtension.swift */ = {isa = PBXFileReference; lastKnownFileType = sourcecode.swift; path = DateExtension.swift; sourceTree = "<group>"; };
/* End PBXFileReference section */

/* Begin PBXFrameworksBuildPhase section */
		551FC81523E9DFD100C52E07 /* Frameworks */ = {
			isa = PBXFrameworksBuildPhase;
			buildActionMask = 2147483647;
			files = (
				551FC83823E9E64900C52E07 /* CloudKit.framework in Frameworks */,
			);
			runOnlyForDeploymentPostprocessing = 0;
		};
/* End PBXFrameworksBuildPhase section */

/* Begin PBXGroup section */
		551FC80F23E9DFD100C52E07 = {
			isa = PBXGroup;
			children = (
				551FC81A23E9DFD100C52E07 /* HypeCK */,
				551FC81923E9DFD100C52E07 /* Products */,
				551FC83623E9E64900C52E07 /* Frameworks */,
			);
			sourceTree = "<group>";
		};
		551FC81923E9DFD100C52E07 /* Products */ = {
			isa = PBXGroup;
			children = (
				551FC81823E9DFD100C52E07 /* HypeCK.app */,
			);
			name = Products;
			sourceTree = "<group>";
		};
		551FC81A23E9DFD100C52E07 /* HypeCK */ = {
			isa = PBXGroup;
			children = (
				551FC83523E9E63800C52E07 /* HypeCK.entitlements */,
				551FC83123E9E3A500C52E07 /* Views */,
				551FC83223E9E3AC00C52E07 /* Controllers */,
				551FC83323E9E3B300C52E07 /* Models */,
				551FC83D23E9EFC700C52E07 /* Helpers+Extensions */,
				551FC82F23E9E38400C52E07 /* Resources */,
			);
			path = HypeCK;
			sourceTree = "<group>";
		};
		551FC82F23E9E38400C52E07 /* Resources */ = {
			isa = PBXGroup;
			children = (
				551FC81D23E9DFD100C52E07 /* SceneDelegate.swift */,
				551FC81B23E9DFD100C52E07 /* AppDelegate.swift */,
				551FC82423E9DFD500C52E07 /* Assets.xcassets */,
				551FC82623E9DFD500C52E07 /* LaunchScreen.storyboard */,
				551FC82923E9DFD500C52E07 /* Info.plist */,
			);
			path = Resources;
			sourceTree = "<group>";
		};
		551FC83023E9E39200C52E07 /* ViewControllers */ = {
			isa = PBXGroup;
			children = (
				551FC84023E9F90D00C52E07 /* HypeListViewController.swift */,
			);
			path = ViewControllers;
			sourceTree = "<group>";
		};
		551FC83123E9E3A500C52E07 /* Views */ = {
			isa = PBXGroup;
			children = (
				551FC82123E9DFD100C52E07 /* Main.storyboard */,
			);
			path = Views;
			sourceTree = "<group>";
		};
		551FC83223E9E3AC00C52E07 /* Controllers */ = {
			isa = PBXGroup;
			children = (
				551FC83023E9E39200C52E07 /* ViewControllers */,
				551FC83423E9E3B800C52E07 /* ModelControllers */,
			);
			path = Controllers;
			sourceTree = "<group>";
		};
		551FC83323E9E3B300C52E07 /* Models */ = {
			isa = PBXGroup;
			children = (
				551FC83923E9E6A700C52E07 /* Hype.swift */,
			);
			path = Models;
			sourceTree = "<group>";
		};
		551FC83423E9E3B800C52E07 /* ModelControllers */ = {
			isa = PBXGroup;
			children = (
				551FC83B23E9EE8E00C52E07 /* HypeController.swift */,
			);
			path = ModelControllers;
			sourceTree = "<group>";
		};
		551FC83623E9E64900C52E07 /* Frameworks */ = {
			isa = PBXGroup;
			children = (
				551FC83723E9E64900C52E07 /* CloudKit.framework */,
			);
			name = Frameworks;
			sourceTree = "<group>";
		};
		551FC83D23E9EFC700C52E07 /* Helpers+Extensions */ = {
			isa = PBXGroup;
			children = (
				551FC83E23E9EFE800C52E07 /* HypeError.swift */,
				551FC84223EA0D2900C52E07 /* DateExtension.swift */,
			);
			path = "Helpers+Extensions";
			sourceTree = "<group>";
		};
/* End PBXGroup section */

/* Begin PBXNativeTarget section */
		551FC81723E9DFD100C52E07 /* HypeCK */ = {
			isa = PBXNativeTarget;
			buildConfigurationList = 551FC82C23E9DFD500C52E07 /* Build configuration list for PBXNativeTarget "HypeCK" */;
			buildPhases = (
				551FC81423E9DFD100C52E07 /* Sources */,
				551FC81523E9DFD100C52E07 /* Frameworks */,
				551FC81623E9DFD100C52E07 /* Resources */,
			);
			buildRules = (
			);
			dependencies = (
			);
			name = HypeCK;
			productName = HypeCK;
			productReference = 551FC81823E9DFD100C52E07 /* HypeCK.app */;
			productType = "com.apple.product-type.application";
		};
/* End PBXNativeTarget section */

/* Begin PBXProject section */
		551FC81023E9DFD100C52E07 /* Project object */ = {
			isa = PBXProject;
			attributes = {
				LastSwiftUpdateCheck = 1130;
				LastUpgradeCheck = 1130;
				ORGANIZATIONNAME = "Marcus Armstrong";
				TargetAttributes = {
					551FC81723E9DFD100C52E07 = {
						CreatedOnToolsVersion = 11.3.1;
					};
				};
			};
			buildConfigurationList = 551FC81323E9DFD100C52E07 /* Build configuration list for PBXProject "HypeCK" */;
			compatibilityVersion = "Xcode 9.3";
			developmentRegion = en;
			hasScannedForEncodings = 0;
			knownRegions = (
				en,
				Base,
			);
			mainGroup = 551FC80F23E9DFD100C52E07;
			productRefGroup = 551FC81923E9DFD100C52E07 /* Products */;
			projectDirPath = "";
			projectRoot = "";
			targets = (
				551FC81723E9DFD100C52E07 /* HypeCK */,
			);
		};
/* End PBXProject section */

/* Begin PBXResourcesBuildPhase section */
		551FC81623E9DFD100C52E07 /* Resources */ = {
			isa = PBXResourcesBuildPhase;
			buildActionMask = 2147483647;
			files = (
				551FC82823E9DFD500C52E07 /* LaunchScreen.storyboard in Resources */,
				551FC82523E9DFD500C52E07 /* Assets.xcassets in Resources */,
				551FC82323E9DFD100C52E07 /* Main.storyboard in Resources */,
			);
			runOnlyForDeploymentPostprocessing = 0;
		};
/* End PBXResourcesBuildPhase section */

/* Begin PBXSourcesBuildPhase section */
		551FC81423E9DFD100C52E07 /* Sources */ = {
			isa = PBXSourcesBuildPhase;
			buildActionMask = 2147483647;
			files = (
				551FC83F23E9EFE800C52E07 /* HypeError.swift in Sources */,
				551FC84323EA0D2900C52E07 /* DateExtension.swift in Sources */,
				551FC81C23E9DFD100C52E07 /* AppDelegate.swift in Sources */,
				551FC84123E9F90D00C52E07 /* HypeListViewController.swift in Sources */,
				551FC83C23E9EE8E00C52E07 /* HypeController.swift in Sources */,
				551FC81E23E9DFD100C52E07 /* SceneDelegate.swift in Sources */,
				551FC83A23E9E6A700C52E07 /* Hype.swift in Sources */,
			);
			runOnlyForDeploymentPostprocessing = 0;
		};
/* End PBXSourcesBuildPhase section */

/* Begin PBXVariantGroup section */
		551FC82123E9DFD100C52E07 /* Main.storyboard */ = {
			isa = PBXVariantGroup;
			children = (
				551FC82223E9DFD100C52E07 /* Base */,
			);
			name = Main.storyboard;
			sourceTree = "<group>";
		};
		551FC82623E9DFD500C52E07 /* LaunchScreen.storyboard */ = {
			isa = PBXVariantGroup;
			children = (
				551FC82723E9DFD500C52E07 /* Base */,
			);
			name = LaunchScreen.storyboard;
			sourceTree = "<group>";
		};
/* End PBXVariantGroup section */

/* Begin XCBuildConfiguration section */
		551FC82A23E9DFD500C52E07 /* Debug */ = {
			isa = XCBuildConfiguration;
			buildSettings = {
				ALWAYS_SEARCH_USER_PATHS = NO;
				CLANG_ANALYZER_NONNULL = YES;
				CLANG_ANALYZER_NUMBER_OBJECT_CONVERSION = YES_AGGRESSIVE;
				CLANG_CXX_LANGUAGE_STANDARD = "gnu++14";
				CLANG_CXX_LIBRARY = "libc++";
				CLANG_ENABLE_MODULES = YES;
				CLANG_ENABLE_OBJC_ARC = YES;
				CLANG_ENABLE_OBJC_WEAK = YES;
				CLANG_WARN_BLOCK_CAPTURE_AUTORELEASING = YES;
				CLANG_WARN_BOOL_CONVERSION = YES;
				CLANG_WARN_COMMA = YES;
				CLANG_WARN_CONSTANT_CONVERSION = YES;
				CLANG_WARN_DEPRECATED_OBJC_IMPLEMENTATIONS = YES;
				CLANG_WARN_DIRECT_OBJC_ISA_USAGE = YES_ERROR;
				CLANG_WARN_DOCUMENTATION_COMMENTS = YES;
				CLANG_WARN_EMPTY_BODY = YES;
				CLANG_WARN_ENUM_CONVERSION = YES;
				CLANG_WARN_INFINITE_RECURSION = YES;
				CLANG_WARN_INT_CONVERSION = YES;
				CLANG_WARN_NON_LITERAL_NULL_CONVERSION = YES;
				CLANG_WARN_OBJC_IMPLICIT_RETAIN_SELF = YES;
				CLANG_WARN_OBJC_LITERAL_CONVERSION = YES;
				CLANG_WARN_OBJC_ROOT_CLASS = YES_ERROR;
				CLANG_WARN_RANGE_LOOP_ANALYSIS = YES;
				CLANG_WARN_STRICT_PROTOTYPES = YES;
				CLANG_WARN_SUSPICIOUS_MOVE = YES;
				CLANG_WARN_UNGUARDED_AVAILABILITY = YES_AGGRESSIVE;
				CLANG_WARN_UNREACHABLE_CODE = YES;
				CLANG_WARN__DUPLICATE_METHOD_MATCH = YES;
				COPY_PHASE_STRIP = NO;
				DEBUG_INFORMATION_FORMAT = dwarf;
				ENABLE_STRICT_OBJC_MSGSEND = YES;
				ENABLE_TESTABILITY = YES;
				GCC_C_LANGUAGE_STANDARD = gnu11;
				GCC_DYNAMIC_NO_PIC = NO;
				GCC_NO_COMMON_BLOCKS = YES;
				GCC_OPTIMIZATION_LEVEL = 0;
				GCC_PREPROCESSOR_DEFINITIONS = (
					"DEBUG=1",
					"$(inherited)",
				);
				GCC_WARN_64_TO_32_BIT_CONVERSION = YES;
				GCC_WARN_ABOUT_RETURN_TYPE = YES_ERROR;
				GCC_WARN_UNDECLARED_SELECTOR = YES;
				GCC_WARN_UNINITIALIZED_AUTOS = YES_AGGRESSIVE;
				GCC_WARN_UNUSED_FUNCTION = YES;
				GCC_WARN_UNUSED_VARIABLE = YES;
				IPHONEOS_DEPLOYMENT_TARGET = 13.2;
				MTL_ENABLE_DEBUG_INFO = INCLUDE_SOURCE;
				MTL_FAST_MATH = YES;
				ONLY_ACTIVE_ARCH = YES;
				SDKROOT = iphoneos;
				SWIFT_ACTIVE_COMPILATION_CONDITIONS = DEBUG;
				SWIFT_OPTIMIZATION_LEVEL = "-Onone";
			};
			name = Debug;
		};
		551FC82B23E9DFD500C52E07 /* Release */ = {
			isa = XCBuildConfiguration;
			buildSettings = {
				ALWAYS_SEARCH_USER_PATHS = NO;
				CLANG_ANALYZER_NONNULL = YES;
				CLANG_ANALYZER_NUMBER_OBJECT_CONVERSION = YES_AGGRESSIVE;
				CLANG_CXX_LANGUAGE_STANDARD = "gnu++14";
				CLANG_CXX_LIBRARY = "libc++";
				CLANG_ENABLE_MODULES = YES;
				CLANG_ENABLE_OBJC_ARC = YES;
				CLANG_ENABLE_OBJC_WEAK = YES;
				CLANG_WARN_BLOCK_CAPTURE_AUTORELEASING = YES;
				CLANG_WARN_BOOL_CONVERSION = YES;
				CLANG_WARN_COMMA = YES;
				CLANG_WARN_CONSTANT_CONVERSION = YES;
				CLANG_WARN_DEPRECATED_OBJC_IMPLEMENTATIONS = YES;
				CLANG_WARN_DIRECT_OBJC_ISA_USAGE = YES_ERROR;
				CLANG_WARN_DOCUMENTATION_COMMENTS = YES;
				CLANG_WARN_EMPTY_BODY = YES;
				CLANG_WARN_ENUM_CONVERSION = YES;
				CLANG_WARN_INFINITE_RECURSION = YES;
				CLANG_WARN_INT_CONVERSION = YES;
				CLANG_WARN_NON_LITERAL_NULL_CONVERSION = YES;
				CLANG_WARN_OBJC_IMPLICIT_RETAIN_SELF = YES;
				CLANG_WARN_OBJC_LITERAL_CONVERSION = YES;
				CLANG_WARN_OBJC_ROOT_CLASS = YES_ERROR;
				CLANG_WARN_RANGE_LOOP_ANALYSIS = YES;
				CLANG_WARN_STRICT_PROTOTYPES = YES;
				CLANG_WARN_SUSPICIOUS_MOVE = YES;
				CLANG_WARN_UNGUARDED_AVAILABILITY = YES_AGGRESSIVE;
				CLANG_WARN_UNREACHABLE_CODE = YES;
				CLANG_WARN__DUPLICATE_METHOD_MATCH = YES;
				COPY_PHASE_STRIP = NO;
				DEBUG_INFORMATION_FORMAT = "dwarf-with-dsym";
				ENABLE_NS_ASSERTIONS = NO;
				ENABLE_STRICT_OBJC_MSGSEND = YES;
				GCC_C_LANGUAGE_STANDARD = gnu11;
				GCC_NO_COMMON_BLOCKS = YES;
				GCC_WARN_64_TO_32_BIT_CONVERSION = YES;
				GCC_WARN_ABOUT_RETURN_TYPE = YES_ERROR;
				GCC_WARN_UNDECLARED_SELECTOR = YES;
				GCC_WARN_UNINITIALIZED_AUTOS = YES_AGGRESSIVE;
				GCC_WARN_UNUSED_FUNCTION = YES;
				GCC_WARN_UNUSED_VARIABLE = YES;
				IPHONEOS_DEPLOYMENT_TARGET = 13.2;
				MTL_ENABLE_DEBUG_INFO = NO;
				MTL_FAST_MATH = YES;
				SDKROOT = iphoneos;
				SWIFT_COMPILATION_MODE = wholemodule;
				SWIFT_OPTIMIZATION_LEVEL = "-O";
				VALIDATE_PRODUCT = YES;
			};
			name = Release;
		};
		551FC82D23E9DFD500C52E07 /* Debug */ = {
			isa = XCBuildConfiguration;
			buildSettings = {
				ASSETCATALOG_COMPILER_APPICON_NAME = AppIcon;
				CODE_SIGN_ENTITLEMENTS = HypeCK/HypeCK.entitlements;
				CODE_SIGN_STYLE = Automatic;
				DEVELOPMENT_TEAM = QP48FW2MG5;
				INFOPLIST_FILE = HypeCK/Resources/Info.plist;
				LD_RUNPATH_SEARCH_PATHS = (
					"$(inherited)",
					"@executable_path/Frameworks",
				);
				PRODUCT_BUNDLE_IDENTIFIER = dma.HypeCK;
				PRODUCT_NAME = "$(TARGET_NAME)";
				SWIFT_VERSION = 5.0;
				TARGETED_DEVICE_FAMILY = "1,2";
			};
			name = Debug;
		};
		551FC82E23E9DFD500C52E07 /* Release */ = {
			isa = XCBuildConfiguration;
			buildSettings = {
				ASSETCATALOG_COMPILER_APPICON_NAME = AppIcon;
				CODE_SIGN_ENTITLEMENTS = HypeCK/HypeCK.entitlements;
				CODE_SIGN_STYLE = Automatic;
				DEVELOPMENT_TEAM = QP48FW2MG5;
				INFOPLIST_FILE = HypeCK/Resources/Info.plist;
				LD_RUNPATH_SEARCH_PATHS = (
					"$(inherited)",
					"@executable_path/Frameworks",
				);
				PRODUCT_BUNDLE_IDENTIFIER = dma.HypeCK;
				PRODUCT_NAME = "$(TARGET_NAME)";
				SWIFT_VERSION = 5.0;
				TARGETED_DEVICE_FAMILY = "1,2";
			};
			name = Release;
		};
/* End XCBuildConfiguration section */

/* Begin XCConfigurationList section */
		551FC81323E9DFD100C52E07 /* Build configuration list for PBXProject "HypeCK" */ = {
			isa = XCConfigurationList;
			buildConfigurations = (
				551FC82A23E9DFD500C52E07 /* Debug */,
				551FC82B23E9DFD500C52E07 /* Release */,
			);
			defaultConfigurationIsVisible = 0;
			defaultConfigurationName = Release;
		};
		551FC82C23E9DFD500C52E07 /* Build configuration list for PBXNativeTarget "HypeCK" */ = {
			isa = XCConfigurationList;
			buildConfigurations = (
				551FC82D23E9DFD500C52E07 /* Debug */,
				551FC82E23E9DFD500C52E07 /* Release */,
			);
			defaultConfigurationIsVisible = 0;
			defaultConfigurationName = Release;
		};
/* End XCConfigurationList section */
	};
	rootObject = 551FC81023E9DFD100C52E07 /* Project object */;
}
